PODS:
  - Alamofire (4.7.3)
  - Amplitude-iOS (4.8.2)
  - Analytics (3.7.0)
  - AppAuth (1.2.0):
    - AppAuth/Core (= 1.2.0)
    - AppAuth/ExternalUserAgent (= 1.2.0)
  - AppAuth/Core (1.2.0)
  - AppAuth/ExternalUserAgent (1.2.0)
  - boost-for-react-native (1.63.0)
  - Branch (0.29.1):
    - Branch/Core (= 0.29.1)
  - Branch/Core (0.29.1)
  - CocoaLumberjack (3.5.3):
    - CocoaLumberjack/Core (= 3.5.3)
  - CocoaLumberjack/Core (3.5.3)
  - CocoaLumberjack/Swift (3.5.3):
    - CocoaLumberjack/Core
  - Crashlytics (3.13.4):
    - Fabric (~> 1.10.2)
  - DoubleConversion (1.1.6)
  - EXAppLoaderProvider (7.0.0)
  - EXConstants (7.0.1):
    - UMConstantsInterface
    - UMCore
  - EXFileSystem (7.0.0):
    - UMCore
    - UMFileSystemInterface
  - EXFont (7.0.0):
    - UMCore
    - UMFontInterface
  - EXGL (7.0.0):
    - EXGL-CPP
    - UMCameraInterface
    - UMCore
    - UMFileSystemInterface
  - EXGL-CPP (7.0.0):
    - EXGL-CPP/UEXGL (= 7.0.0)
  - EXGL-CPP/UEXGL (7.0.0)
  - EXKeepAwake (7.0.0):
    - UMCore
  - EXLinearGradient (7.0.1):
    - UMCore
  - EXLocation (7.0.0):
    - UMCore
    - UMPermissionsInterface
    - UMTaskManagerInterface
  - EXMailComposer (7.0.0):
    - UMCore
    - UMFileSystemInterface
  - EXPermissions (7.0.0):
    - UMCore
    - UMPermissionsInterface
  - ExpoKit/Core (35.0.0):
    - Amplitude-iOS (~> 4.6)
    - Analytics (~> 3.7)
    - AppAuth (~> 1.2)
    - Branch (~> 0.28)
    - CocoaLumberjack (~> 3.5.3)
    - Crashlytics (~> 3.13.4)
    - Fabric (~> 1.10.2)
    - FBAudienceNetwork (= 5.5.0)
    - FBSDKCoreKit (~> 5.6.0)
    - FBSDKLoginKit (~> 5.6.0)
    - Google-Maps-iOS-Utils (~> 2.1.0)
    - GoogleMaps (~> 3.3)
    - GoogleSignIn (~> 5.0)
    - JKBigInteger2 (= 0.0.5)
    - lottie-ios (~> 2.5.0)
    - React
    - UMCameraInterface
    - UMConstantsInterface
    - UMCore
    - UMFileSystemInterface
    - UMPermissionsInterface
    - UMReactNativeAdapter
    - UMSensorsInterface
  - EXWebBrowser (7.0.1):
    - UMCore
  - Fabric (1.10.2)
  - FBAudienceNetwork (5.5.0):
    - FBSDKCoreKit/Basics (>= 5.2.1)
  - FBSDKCoreKit (5.6.0):
    - FBSDKCoreKit/Basics (= 5.6.0)
    - FBSDKCoreKit/Core (= 5.6.0)
  - FBSDKCoreKit/Basics (5.6.0)
  - FBSDKCoreKit/Core (5.6.0):
    - FBSDKCoreKit/Basics
  - FBSDKLoginKit (5.6.0):
    - FBSDKLoginKit/Login (= 5.6.0)
  - FBSDKLoginKit/Login (5.6.0):
    - FBSDKCoreKit (~> 5.0)
  - Folly (2018.10.22.00):
    - boost-for-react-native
    - DoubleConversion
    - glog
  - glog (0.3.5)
  - Google-Maps-iOS-Utils (2.1.0):
    - Google-Maps-iOS-Utils/Clustering (= 2.1.0)
    - Google-Maps-iOS-Utils/Geometry (= 2.1.0)
    - Google-Maps-iOS-Utils/Heatmap (= 2.1.0)
    - Google-Maps-iOS-Utils/QuadTree (= 2.1.0)
    - GoogleMaps
  - Google-Maps-iOS-Utils/Clustering (2.1.0):
    - Google-Maps-iOS-Utils/QuadTree
    - GoogleMaps
  - Google-Maps-iOS-Utils/Geometry (2.1.0):
    - GoogleMaps
  - Google-Maps-iOS-Utils/Heatmap (2.1.0):
    - Google-Maps-iOS-Utils/QuadTree
    - GoogleMaps
  - Google-Maps-iOS-Utils/QuadTree (2.1.0):
    - GoogleMaps
  - GoogleMaps (3.5.0):
    - GoogleMaps/Maps (= 3.5.0)
  - GoogleMaps/Base (3.5.0)
  - GoogleMaps/Maps (3.5.0):
    - GoogleMaps/Base
  - GoogleSignIn (5.0.1):
    - AppAuth (~> 1.2)
    - GTMAppAuth (~> 1.0)
    - GTMSessionFetcher/Core (~> 1.1)
  - GTMAppAuth (1.0.0):
    - AppAuth/Core (~> 1.0)
    - GTMSessionFetcher (~> 1.1)
  - GTMSessionFetcher (1.2.2):
    - GTMSessionFetcher/Full (= 1.2.2)
  - GTMSessionFetcher/Core (1.2.2)
  - GTMSessionFetcher/Full (1.2.2):
    - GTMSessionFetcher/Core (= 1.2.2)
  - JKBigInteger2 (0.0.5)
  - lottie-ios (2.5.3)
  - React (0.59.8):
    - React/Core (= 0.59.8)
  - React/ART (0.59.8):
    - React/Core
  - React/Core (0.59.8):
    - yoga (= 0.59.8.React)
  - React/CxxBridge (0.59.8):
    - Folly (= 2018.10.22.00)
    - React/Core
    - React/cxxreact
    - React/jsiexecutor
  - React/cxxreact (0.59.8):
    - boost-for-react-native (= 1.63.0)
    - DoubleConversion
    - Folly (= 2018.10.22.00)
    - glog
    - React/jsinspector
  - React/DevSupport (0.59.8):
    - React/Core
    - React/RCTWebSocket
  - React/jsi (0.59.8):
    - DoubleConversion
    - Folly (= 2018.10.22.00)
    - glog
  - React/jsiexecutor (0.59.8):
    - DoubleConversion
    - Folly (= 2018.10.22.00)
    - glog
    - React/cxxreact
    - React/jsi
  - React/jsinspector (0.59.8)
  - React/RCTActionSheet (0.59.8):
    - React/Core
  - React/RCTAnimation (0.59.8):
    - React/Core
  - React/RCTBlob (0.59.8):
    - React/Core
  - React/RCTCameraRoll (0.59.8):
    - React/Core
    - React/RCTImage
  - React/RCTGeolocation (0.59.8):
    - React/Core
  - React/RCTImage (0.59.8):
    - React/Core
    - React/RCTNetwork
  - React/RCTNetwork (0.59.8):
    - React/Core
  - React/RCTText (0.59.8):
    - React/Core
  - React/RCTVibration (0.59.8):
    - React/Core
  - React/RCTWebSocket (0.59.8):
    - React/Core
    - React/RCTBlob
  - RNDeviceInfo (3.1.4):
    - React
  - Rollbar (1.5.2)
  - RollbarReactNative (0.7.0):
    - React
    - Rollbar (~> 1.5.0)
  - SwiftyJSON (4.2.0)
  - TPHealthKitUploader (0.9.2)
  - UMBarCodeScannerInterface (4.0.0)
  - UMCameraInterface (4.0.0)
  - UMConstantsInterface (4.0.0)
  - UMCore (4.0.0)
  - UMFaceDetectorInterface (4.0.0)
  - UMFileSystemInterface (4.0.0)
  - UMFontInterface (4.0.0)
  - UMImageLoaderInterface (4.0.0)
  - UMPermissionsInterface (4.0.0)
  - UMReactNativeAdapter (4.0.0):
    - React
    - UMCore
    - UMFontInterface
  - UMSensorsInterface (4.0.0)
  - UMTaskManagerInterface (4.0.0)
  - yoga (0.59.8.React)

DEPENDENCIES:
  - Alamofire (= 4.7.3)
  - CocoaLumberjack/Swift (= 3.5.3)
  - DoubleConversion (from `../node_modules/react-native/third-party-podspecs/DoubleConversion.podspec`)
  - EXAppLoaderProvider (from `../node_modules/expo-app-loader-provider/ios`)
  - EXConstants (from `../node_modules/expo-constants/ios`)
  - EXFileSystem (from `../node_modules/expo-three/node_modules/expo/node_modules/expo-file-system/ios`)
  - EXFont (from `../node_modules/expo-font/ios`)
  - EXGL (from `../node_modules/expo-gl/ios`)
  - EXGL-CPP (from `../node_modules/expo-gl-cpp/cpp`)
  - EXKeepAwake (from `../node_modules/expo-three/node_modules/expo/node_modules/expo-keep-awake/ios`)
  - EXLinearGradient (from `../node_modules/expo-linear-gradient/ios`)
  - EXLocation (from `../node_modules/expo-three/node_modules/expo/node_modules/expo-location/ios`)
  - EXMailComposer (from `../node_modules/expo-mail-composer/ios`)
  - EXPermissions (from `../node_modules/expo-permissions/ios`)
  - ExpoKit/Core (from `http://github.com/expo/expo.git`, tag `ios/2.13.0`)
  - EXWebBrowser (from `../node_modules/expo-three/node_modules/expo/node_modules/expo-web-browser/ios`)
  - Folly (from `../node_modules/react-native/third-party-podspecs/Folly.podspec`)
  - glog (from `../node_modules/react-native/third-party-podspecs/glog.podspec`)
  - React/ART (from `../node_modules/react-native`)
  - React/Core (from `../node_modules/react-native`)
  - React/CxxBridge (from `../node_modules/react-native`)
  - React/DevSupport (from `../node_modules/react-native`)
  - React/RCTActionSheet (from `../node_modules/react-native`)
  - React/RCTAnimation (from `../node_modules/react-native`)
  - React/RCTCameraRoll (from `../node_modules/react-native`)
  - React/RCTGeolocation (from `../node_modules/react-native`)
  - React/RCTImage (from `../node_modules/react-native`)
  - React/RCTNetwork (from `../node_modules/react-native`)
  - React/RCTText (from `../node_modules/react-native`)
  - React/RCTVibration (from `../node_modules/react-native`)
  - React/RCTWebSocket (from `../node_modules/react-native`)
  - RNDeviceInfo (from `../node_modules/react-native-device-info`)
  - RollbarReactNative (from `../node_modules/rollbar-react-native`)
  - SwiftyJSON (= 4.2)
  - TPHealthKitUploader (from `https://github.com/tidepool-org/healthkit-uploader`, tag `0.9.5`)
  - UMBarCodeScannerInterface (from `../node_modules/unimodules-barcode-scanner-interface/ios`)
  - UMCameraInterface (from `../node_modules/unimodules-camera-interface/ios`)
  - UMConstantsInterface (from `../node_modules/expo-three/node_modules/expo/node_modules/unimodules-constants-interface/ios`)
  - "UMCore (from `../node_modules/@unimodules/core/ios`)"
  - UMFaceDetectorInterface (from `../node_modules/expo-three/node_modules/expo/node_modules/unimodules-face-detector-interface/ios`)
  - UMFileSystemInterface (from `../node_modules/unimodules-file-system-interface/ios`)
  - UMFontInterface (from `../node_modules/expo-three/node_modules/expo/node_modules/unimodules-font-interface/ios`)
  - UMImageLoaderInterface (from `../node_modules/expo-three/node_modules/expo/node_modules/unimodules-image-loader-interface/ios`)
  - UMPermissionsInterface (from `../node_modules/unimodules-permissions-interface/ios`)
  - "UMReactNativeAdapter (from `../node_modules/@unimodules/react-native-adapter/ios`)"
  - UMSensorsInterface (from `../node_modules/expo-three/node_modules/expo/node_modules/unimodules-sensors-interface/ios`)
  - UMTaskManagerInterface (from `../node_modules/unimodules-task-manager-interface/ios`)
  - yoga (from `../node_modules/react-native/ReactCommon/yoga`)

SPEC REPOS:
  https://github.com/CocoaPods/Specs.git:
    - Alamofire
    - Amplitude-iOS
    - Analytics
    - AppAuth
    - boost-for-react-native
    - Branch
    - CocoaLumberjack
    - Crashlytics
    - Fabric
    - FBAudienceNetwork
    - FBSDKCoreKit
    - FBSDKLoginKit
    - Google-Maps-iOS-Utils
    - GoogleMaps
    - GoogleSignIn
    - GTMAppAuth
    - GTMSessionFetcher
    - JKBigInteger2
    - lottie-ios
    - Rollbar
    - SwiftyJSON

EXTERNAL SOURCES:
  DoubleConversion:
    :podspec: "../node_modules/react-native/third-party-podspecs/DoubleConversion.podspec"
  EXAppLoaderProvider:
    :path: !ruby/object:Pathname
    path: "../node_modules/expo-app-loader-provider/ios"
  EXConstants:
    :path: !ruby/object:Pathname
    path: "../node_modules/expo-constants/ios"
  EXFileSystem:
    :path: !ruby/object:Pathname
    path: "../node_modules/expo-three/node_modules/expo/node_modules/expo-file-system/ios"
  EXFont:
    :path: !ruby/object:Pathname
    path: "../node_modules/expo-font/ios"
  EXGL:
    :path: !ruby/object:Pathname
    path: "../node_modules/expo-gl/ios"
  EXGL-CPP:
    :path: !ruby/object:Pathname
    path: "../node_modules/expo-gl-cpp/cpp"
  EXKeepAwake:
    :path: !ruby/object:Pathname
    path: "../node_modules/expo-three/node_modules/expo/node_modules/expo-keep-awake/ios"
  EXLinearGradient:
    :path: !ruby/object:Pathname
    path: "../node_modules/expo-linear-gradient/ios"
  EXLocation:
    :path: !ruby/object:Pathname
    path: "../node_modules/expo-three/node_modules/expo/node_modules/expo-location/ios"
  EXMailComposer:
    :path: !ruby/object:Pathname
    path: "../node_modules/expo-mail-composer/ios"
  EXPermissions:
    :path: !ruby/object:Pathname
    path: "../node_modules/expo-permissions/ios"
  ExpoKit:
    :git: http://github.com/expo/expo.git
    :tag: ios/2.13.0
  EXWebBrowser:
    :path: !ruby/object:Pathname
    path: "../node_modules/expo-three/node_modules/expo/node_modules/expo-web-browser/ios"
  Folly:
    :podspec: "../node_modules/react-native/third-party-podspecs/Folly.podspec"
  glog:
    :podspec: "../node_modules/react-native/third-party-podspecs/glog.podspec"
  React:
    :path: "../node_modules/react-native"
  RNDeviceInfo:
    :path: "../node_modules/react-native-device-info"
  RollbarReactNative:
    :path: "../node_modules/rollbar-react-native"
  TPHealthKitUploader:
    :git: https://github.com/tidepool-org/healthkit-uploader
    :tag: 0.9.5
  UMBarCodeScannerInterface:
    :path: !ruby/object:Pathname
    path: "../node_modules/unimodules-barcode-scanner-interface/ios"
  UMCameraInterface:
    :path: !ruby/object:Pathname
    path: "../node_modules/unimodules-camera-interface/ios"
  UMConstantsInterface:
    :path: !ruby/object:Pathname
    path: "../node_modules/expo-three/node_modules/expo/node_modules/unimodules-constants-interface/ios"
  UMCore:
    :path: !ruby/object:Pathname
    path: "../node_modules/@unimodules/core/ios"
  UMFaceDetectorInterface:
    :path: !ruby/object:Pathname
    path: "../node_modules/expo-three/node_modules/expo/node_modules/unimodules-face-detector-interface/ios"
  UMFileSystemInterface:
    :path: !ruby/object:Pathname
    path: "../node_modules/unimodules-file-system-interface/ios"
  UMFontInterface:
    :path: !ruby/object:Pathname
    path: "../node_modules/expo-three/node_modules/expo/node_modules/unimodules-font-interface/ios"
  UMImageLoaderInterface:
    :path: !ruby/object:Pathname
    path: "../node_modules/expo-three/node_modules/expo/node_modules/unimodules-image-loader-interface/ios"
  UMPermissionsInterface:
    :path: !ruby/object:Pathname
    path: "../node_modules/unimodules-permissions-interface/ios"
  UMReactNativeAdapter:
    :path: !ruby/object:Pathname
    path: "../node_modules/@unimodules/react-native-adapter/ios"
  UMSensorsInterface:
    :path: !ruby/object:Pathname
    path: "../node_modules/expo-three/node_modules/expo/node_modules/unimodules-sensors-interface/ios"
  UMTaskManagerInterface:
    :path: !ruby/object:Pathname
    path: "../node_modules/unimodules-task-manager-interface/ios"
  yoga:
    :path: "../node_modules/react-native/ReactCommon/yoga"

CHECKOUT OPTIONS:
  ExpoKit:
    :git: http://github.com/expo/expo.git
    :tag: ios/2.13.0
  TPHealthKitUploader:
    :git: https://github.com/tidepool-org/healthkit-uploader
    :tag: 0.9.5

SPEC CHECKSUMS:
  Alamofire: c7287b6e5d7da964a70935e5db17046b7fde6568
  Amplitude-iOS: 46c8e6e65c49bb1ad1909a9add1a68e1f8562b3f
  Analytics: 77fd5fb102a4a5eedafa2c2b0245ceb7b7c15e45
  AppAuth: bce82c76043657c99d91e7882e8a9e1a93650cd4
  boost-for-react-native: 39c7adb57c4e60d6c5479dd8623128eb5b3f0f2c
  Branch: 3833f9691b0c874c81233362c929239c452f2ff0
  CocoaLumberjack: 2f44e60eb91c176d471fdba43b9e3eae6a721947
  Crashlytics: 2dfd686bcb918dc10ee0e76f7f853fe42c7bd552
  DoubleConversion: bb338842f62ab1d708ceb63ec3d999f0f3d98ecd
  EXAppLoaderProvider: 5d348813a9cf09b03bbe5b8b55437bc1bfbddbd1
  EXConstants: 857aa7b1c84e2878f8402d712061860bca16a697
  EXFileSystem: 7e53a2c30a2eb6987ba6d5158ab908f947523228
  EXFont: 71d07dc5d2153db7d1a23f1e0cc1b6341d55c432
  EXGL: 4b21885aee37fb5f5230e05a62bba480fa886a3d
  EXGL-CPP: da3c4f31ff50a34bd8184fadbf409806281b103d
  EXKeepAwake: d4caf9a1a7691126ade4ca0b76592e93250a8f29
  EXLinearGradient: b7d4a703ac9802078a8a8e212d205929c18b03e4
  EXLocation: 452a1d9edceb1b93deb86fd785236606d33742dd
  EXMailComposer: b6d374488db559e4e5a84e5a96b17c0cb246cb89
  EXPermissions: df10ad83df2f6b647aec304619354f8ab48d5f63
  ExpoKit: d37511523ce8713562617db20f52cb2db07a7a91
  EXWebBrowser: 18924c3d2a3a1aa95d413672f058beff589c80f4
  Fabric: 706c8b8098fff96c33c0db69cbf81f9c551d0d74
  FBAudienceNetwork: 1ea26a004014ee6700dce1b7beb5e853887f498e
  FBSDKCoreKit: d6655a343868d4bb5c29a60859bab07c3be14a0b
  FBSDKLoginKit: c5a623de88a6b0cda35b35582921f6cec2efcc36
  Folly: de497beb10f102453a1afa9edbf8cf8a251890de
  glog: aefd1eb5dda2ab95ba0938556f34b98e2da3a60d
  Google-Maps-iOS-Utils: c32891ff472eaaa1fca032beedafa1a013af7875
  GoogleMaps: 32ca02de09de357a10ac773f2c70f1986751392d
  GoogleSignIn: 3a51b9bb8e48b635fd7f4272cee06ca260345b86
  GTMAppAuth: 4deac854479704f348309e7b66189e604cf5e01e
  GTMSessionFetcher: 61bb0f61a4cb560030f1222021178008a5727a23
  JKBigInteger2: e91672035c42328c48b7dd015b66812ddf40ca9b
  lottie-ios: a50d5c0160425cd4b01b852bb9578963e6d92d31
  React: 841af16feb8e7936838a626bfa1b8faaa07d9e6c
  RNDeviceInfo: 88099e84466f053bae3f34c307b506738b2b6946
  Rollbar: 5060e3fc9fa28ae75e70c61e95b1b31b2b22710c
  RollbarReactNative: 25ee22263928c9c7f3ba89ecc9af03e71a5c1ec8
  SwiftyJSON: c4bcba26dd9ec7a027fc8eade48e2c911f229e96
  TPHealthKitUploader: bb9227c9ef991342b74cc750aaa133d4a5e89d12
  UMBarCodeScannerInterface: d5a6fdc98ed6241225b0a8432a7f4e2b397668bc
  UMCameraInterface: 68870a3197fee85bd5afca5609ba4a5b7257d19d
  UMConstantsInterface: d25b8e8887ca7aaf568c06caf08f4d40734ee4ef
  UMCore: 402cee150324974974f5c32b5404d8af65e4cff5
  UMFaceDetectorInterface: 7b4f1a92f0c726b58b086296048efe193b570678
  UMFileSystemInterface: aadb9a67aa6470d7ebc06cf04dc54fee6781ac48
  UMFontInterface: 2d3c128285086bbed3d2a650f1d698323ef3b25a
  UMImageLoaderInterface: 2829a7571a12d2e754c73c55ffe7e327d8402c7d
  UMPermissionsInterface: b6a6e96db0f4011a25aaca14e6022529dd3d6e4e
  UMReactNativeAdapter: 93c2f520a1cdb6ef3058a7b6a95275a804e0923b
  UMSensorsInterface: cf59dd7602764a2419e00167429be3e4be39c61d
  UMTaskManagerInterface: 1e70fe58b872355f0ecb44fb81bb1a16484047f0
  yoga: 92b2102c3d373d1a790db4ab761d2b0ffc634f64

PODFILE CHECKSUM: a07c89da3623b3c4dd463bd469791a6e379283f2

COCOAPODS: 1.8.3
